// !$*UTF8*$!
{
	archiveVersion = 1;
	classes = {
	};
	objectVersion = 56;
	objects = {

/* Begin PBXBuildFile section */
		950E7B3729291D1C0082ABB6 /* coffeshopApp.swift in Sources */ = {isa = PBXBuildFile; fileRef = 950E7B3629291D1C0082ABB6 /* coffeshopApp.swift */; };
		950E7B3929291D1C0082ABB6 /* ContentView.swift in Sources */ = {isa = PBXBuildFile; fileRef = 950E7B3829291D1C0082ABB6 /* ContentView.swift */; };
		950E7B3B29291D1D0082ABB6 /* Assets.xcassets in Resources */ = {isa = PBXBuildFile; fileRef = 950E7B3A29291D1D0082ABB6 /* Assets.xcassets */; };
		950E7B3E29291D1D0082ABB6 /* Preview Assets.xcassets in Resources */ = {isa = PBXBuildFile; fileRef = 950E7B3D29291D1D0082ABB6 /* Preview Assets.xcassets */; };
		950E7B4729291D610082ABB6 /* CoffeeShopModel.swift in Sources */ = {isa = PBXBuildFile; fileRef = 950E7B4629291D610082ABB6 /* CoffeeShopModel.swift */; };
		950E7B4929291ED10082ABB6 /* CoffeShopListView.swift in Sources */ = {isa = PBXBuildFile; fileRef = 950E7B4829291ED10082ABB6 /* CoffeShopListView.swift */; };
		950E7B4B29291EE10082ABB6 /* CoffeShopDetailView.swift in Sources */ = {isa = PBXBuildFile; fileRef = 950E7B4A29291EE10082ABB6 /* CoffeShopDetailView.swift */; };
		950E7B4D2929DFB90082ABB6 /* ItemListCoffeeshop.swift in Sources */ = {isa = PBXBuildFile; fileRef = 950E7B4C2929DFB90082ABB6 /* ItemListCoffeeshop.swift */; };
/* End PBXBuildFile section */

/* Begin PBXFileReference section */
		950E7B3329291D1C0082ABB6 /* coffeshop.app */ = {isa = PBXFileReference; explicitFileType = wrapper.application; includeInIndex = 0; path = coffeshop.app; sourceTree = BUILT_PRODUCTS_DIR; };
		950E7B3629291D1C0082ABB6 /* coffeshopApp.swift */ = {isa = PBXFileReference; lastKnownFileType = sourcecode.swift; path = coffeshopApp.swift; sourceTree = "<group>"; };
		950E7B3829291D1C0082ABB6 /* ContentView.swift */ = {isa = PBXFileReference; lastKnownFileType = sourcecode.swift; path = ContentView.swift; sourceTree = "<group>"; };
		950E7B3A29291D1D0082ABB6 /* Assets.xcassets */ = {isa = PBXFileReference; lastKnownFileType = folder.assetcatalog; path = Assets.xcassets; sourceTree = "<group>"; };
		950E7B3D29291D1D0082ABB6 /* Preview Assets.xcassets */ = {isa = PBXFileReference; lastKnownFileType = folder.assetcatalog; path = "Preview Assets.xcassets"; sourceTree = "<group>"; };
		950E7B4629291D610082ABB6 /* CoffeeShopModel.swift */ = {isa = PBXFileReference; lastKnownFileType = sourcecode.swift; path = CoffeeShopModel.swift; sourceTree = "<group>"; };
		950E7B4829291ED10082ABB6 /* CoffeShopListView.swift */ = {isa = PBXFileReference; lastKnownFileType = sourcecode.swift; path = CoffeShopListView.swift; sourceTree = "<group>"; };
		950E7B4A29291EE10082ABB6 /* CoffeShopDetailView.swift */ = {isa = PBXFileReference; lastKnownFileType = sourcecode.swift; path = CoffeShopDetailView.swift; sourceTree = "<group>"; };
		950E7B4C2929DFB90082ABB6 /* ItemListCoffeeshop.swift */ = {isa = PBXFileReference; lastKnownFileType = sourcecode.swift; path = ItemListCoffeeshop.swift; sourceTree = "<group>"; };
/* End PBXFileReference section */

/* Begin PBXFrameworksBuildPhase section */
		950E7B3029291D1C0082ABB6 /* Frameworks */ = {
			isa = PBXFrameworksBuildPhase;
			buildActionMask = 2147483647;
			files = (
			);
			runOnlyForDeploymentPostprocessing = 0;
		};
/* End PBXFrameworksBuildPhase section */

/* Begin PBXGroup section */
		950E7B2A29291D1C0082ABB6 = {
			isa = PBXGroup;
			children = (
				950E7B3529291D1C0082ABB6 /* coffeshop */,
				950E7B3429291D1C0082ABB6 /* Products */,
			);
			sourceTree = "<group>";
		};
		950E7B3429291D1C0082ABB6 /* Products */ = {
			isa = PBXGroup;
			children = (
				950E7B3329291D1C0082ABB6 /* coffeshop.app */,
			);
			name = Products;
			sourceTree = "<group>";
		};
		950E7B3529291D1C0082ABB6 /* coffeshop */ = {
			isa = PBXGroup;
			children = (
				950E7B4529291D480082ABB6 /* View */,
				950E7B4429291D3C0082ABB6 /* Model */,
				950E7B3629291D1C0082ABB6 /* coffeshopApp.swift */,
				950E7B3829291D1C0082ABB6 /* ContentView.swift */,
				950E7B3A29291D1D0082ABB6 /* Assets.xcassets */,
				950E7B3C29291D1D0082ABB6 /* Preview Content */,
			);
			path = coffeshop;
			sourceTree = "<group>";
		};
		950E7B3C29291D1D0082ABB6 /* Preview Content */ = {
			isa = PBXGroup;
			children = (
				950E7B3D29291D1D0082ABB6 /* Preview Assets.xcassets */,
			);
			path = "Preview Content";
			sourceTree = "<group>";
		};
		950E7B4429291D3C0082ABB6 /* Model */ = {
			isa = PBXGroup;
			children = (
				950E7B4629291D610082ABB6 /* CoffeeShopModel.swift */,
			);
			path = Model;
			sourceTree = "<group>";
		};
		950E7B4529291D480082ABB6 /* View */ = {
			isa = PBXGroup;
			children = (
				950E7B4829291ED10082ABB6 /* CoffeShopListView.swift */,
				950E7B4A29291EE10082ABB6 /* CoffeShopDetailView.swift */,
				950E7B4C2929DFB90082ABB6 /* ItemListCoffeeshop.swift */,
			);
			path = View;
			sourceTree = "<group>";
		};
/* End PBXGroup section */

/* Begin PBXNativeTarget section */
		950E7B3229291D1C0082ABB6 /* coffeshop */ = {
			isa = PBXNativeTarget;
			buildConfigurationList = 950E7B4129291D1D0082ABB6 /* Build configuration list for PBXNativeTarget "coffeshop" */;
			buildPhases = (
				950E7B2F29291D1C0082ABB6 /* Sources */,
				950E7B3029291D1C0082ABB6 /* Frameworks */,
				950E7B3129291D1C0082ABB6 /* Resources */,
			);
			buildRules = (
			);
			dependencies = (
			);
			name = coffeshop;
			productName = coffeshop;
			productReference = 950E7B3329291D1C0082ABB6 /* coffeshop.app */;
			productType = "com.apple.product-type.application";
		};
/* End PBXNativeTarget section */

/* Begin PBXProject section */
		950E7B2B29291D1C0082ABB6 /* Project object */ = {
			isa = PBXProject;
			attributes = {
				BuildIndependentTargetsInParallel = 1;
				LastSwiftUpdateCheck = 1410;
				LastUpgradeCheck = 1410;
				TargetAttributes = {
					950E7B3229291D1C0082ABB6 = {
						CreatedOnToolsVersion = 14.1;
					};
				};
			};
			buildConfigurationList = 950E7B2E29291D1C0082ABB6 /* Build configuration list for PBXProject "coffeshop" */;
			compatibilityVersion = "Xcode 14.0";
			developmentRegion = en;
			hasScannedForEncodings = 0;
			knownRegions = (
				en,
				Base,
			);
			mainGroup = 950E7B2A29291D1C0082ABB6;
			productRefGroup = 950E7B3429291D1C0082ABB6 /* Products */;
			projectDirPath = "";
			projectRoot = "";
			targets = (
				950E7B3229291D1C0082ABB6 /* coffeshop */,
			);
		};
/* End PBXProject section */

/* Begin PBXResourcesBuildPhase section */
		950E7B3129291D1C0082ABB6 /* Resources */ = {
			isa = PBXResourcesBuildPhase;
			buildActionMask = 2147483647;
			files = (
				950E7B3E29291D1D0082ABB6 /* Preview Assets.xcassets in Resources */,
				950E7B3B29291D1D0082ABB6 /* Assets.xcassets in Resources */,
			);
			runOnlyForDeploymentPostprocessing = 0;
		};
/* End PBXResourcesBuildPhase section */

/* Begin PBXSourcesBuildPhase section */
		950E7B2F29291D1C0082ABB6 /* Sources */ = {
			isa = PBXSourcesBuildPhase;
			buildActionMask = 2147483647;
			files = (
				950E7B3929291D1C0082ABB6 /* ContentView.swift in Sources */,
				950E7B3729291D1C0082ABB6 /* coffeshopApp.swift in Sources */,
				950E7B4929291ED10082ABB6 /* CoffeShopListView.swift in Sources */,
				950E7B4B29291EE10082ABB6 /* CoffeShopDetailView.swift in Sources */,
				950E7B4D2929DFB90082ABB6 /* ItemListCoffeeshop.swift in Sources */,
				950E7B4729291D610082ABB6 /* CoffeeShopModel.swift in Sources */,
			);
			runOnlyForDeploymentPostprocessing = 0;
		};
/* End PBXSourcesBuildPhase section */

/* Begin XCBuildConfiguration section */
		950E7B3F29291D1D0082ABB6 /* Debug */ = {
			isa = XCBuildConfiguration;
			buildSettings = {
				ALWAYS_SEARCH_USER_PATHS = NO;
				CLANG_ANALYZER_NONNULL = YES;
				CLANG_ANALYZER_NUMBER_OBJECT_CONVERSION = YES_AGGRESSIVE;
				CLANG_CXX_LANGUAGE_STANDARD = "gnu++20";
				CLANG_ENABLE_MODULES = YES;
				CLANG_ENABLE_OBJC_ARC = YES;
				CLANG_ENABLE_OBJC_WEAK = YES;
				CLANG_WARN_BLOCK_CAPTURE_AUTORELEASING = YES;
				CLANG_WARN_BOOL_CONVERSION = YES;
				CLANG_WARN_COMMA = YES;
				CLANG_WARN_CONSTANT_CONVERSION = YES;
				CLANG_WARN_DEPRECATED_OBJC_IMPLEMENTATIONS = YES;
				CLANG_WARN_DIRECT_OBJC_ISA_USAGE = YES_ERROR;
				CLANG_WARN_DOCUMENTATION_COMMENTS = YES;
				CLANG_WARN_EMPTY_BODY = YES;
				CLANG_WARN_ENUM_CONVERSION = YES;
				CLANG_WARN_INFINITE_RECURSION = YES;
				CLANG_WARN_INT_CONVERSION = YES;
				CLANG_WARN_NON_LITERAL_NULL_CONVERSION = YES;
				CLANG_WARN_OBJC_IMPLICIT_RETAIN_SELF = YES;
				CLANG_WARN_OBJC_LITERAL_CONVERSION = YES;
				CLANG_WARN_OBJC_ROOT_CLASS = YES_ERROR;
				CLANG_WARN_QUOTED_INCLUDE_IN_FRAMEWORK_HEADER = YES;
				CLANG_WARN_RANGE_LOOP_ANALYSIS = YES;
				CLANG_WARN_STRICT_PROTOTYPES = YES;
				CLANG_WARN_SUSPICIOUS_MOVE = YES;
				CLANG_WARN_UNGUARDED_AVAILABILITY = YES_AGGRESSIVE;
				CLANG_WARN_UNREACHABLE_CODE = YES;
				CLANG_WARN__DUPLICATE_METHOD_MATCH = YES;
				COPY_PHASE_STRIP = NO;
				DEBUG_INFORMATION_FORMAT = dwarf;
				ENABLE_STRICT_OBJC_MSGSEND = YES;
				ENABLE_TESTABILITY = YES;
				GCC_C_LANGUAGE_STANDARD = gnu11;
				GCC_DYNAMIC_NO_PIC = NO;
				GCC_NO_COMMON_BLOCKS = YES;
				GCC_OPTIMIZATION_LEVEL = 0;
				GCC_PREPROCESSOR_DEFINITIONS = (
					"DEBUG=1",
					"$(inherited)",
				);
				GCC_WARN_64_TO_32_BIT_CONVERSION = YES;
				GCC_WARN_ABOUT_RETURN_TYPE = YES_ERROR;
				GCC_WARN_UNDECLARED_SELECTOR = YES;
				GCC_WARN_UNINITIALIZED_AUTOS = YES_AGGRESSIVE;
				GCC_WARN_UNUSED_FUNCTION = YES;
				GCC_WARN_UNUSED_VARIABLE = YES;
				IPHONEOS_DEPLOYMENT_TARGET = 16.1;
				MTL_ENABLE_DEBUG_INFO = INCLUDE_SOURCE;
				MTL_FAST_MATH = YES;
				ONLY_ACTIVE_ARCH = YES;
				SDKROOT = iphoneos;
				SWIFT_ACTIVE_COMPILATION_CONDITIONS = DEBUG;
				SWIFT_OPTIMIZATION_LEVEL = "-Onone";
			};
			name = Debug;
		};
		950E7B4029291D1D0082ABB6 /* Release */ = {
			isa = XCBuildConfiguration;
			buildSettings = {
				ALWAYS_SEARCH_USER_PATHS = NO;
				CLANG_ANALYZER_NONNULL = YES;
				CLANG_ANALYZER_NUMBER_OBJECT_CONVERSION = YES_AGGRESSIVE;
				CLANG_CXX_LANGUAGE_STANDARD = "gnu++20";
				CLANG_ENABLE_MODULES = YES;
				CLANG_ENABLE_OBJC_ARC = YES;
				CLANG_ENABLE_OBJC_WEAK = YES;
				CLANG_WARN_BLOCK_CAPTURE_AUTORELEASING = YES;
				CLANG_WARN_BOOL_CONVERSION = YES;
				CLANG_WARN_COMMA = YES;
				CLANG_WARN_CONSTANT_CONVERSION = YES;
				CLANG_WARN_DEPRECATED_OBJC_IMPLEMENTATIONS = YES;
				CLANG_WARN_DIRECT_OBJC_ISA_USAGE = YES_ERROR;
				CLANG_WARN_DOCUMENTATION_COMMENTS = YES;
				CLANG_WARN_EMPTY_BODY = YES;
				CLANG_WARN_ENUM_CONVERSION = YES;
				CLANG_WARN_INFINITE_RECURSION = YES;
				CLANG_WARN_INT_CONVERSION = YES;
				CLANG_WARN_NON_LITERAL_NULL_CONVERSION = YES;
				CLANG_WARN_OBJC_IMPLICIT_RETAIN_SELF = YES;
				CLANG_WARN_OBJC_LITERAL_CONVERSION = YES;
				CLANG_WARN_OBJC_ROOT_CLASS = YES_ERROR;
				CLANG_WARN_QUOTED_INCLUDE_IN_FRAMEWORK_HEADER = YES;
				CLANG_WARN_RANGE_LOOP_ANALYSIS = YES;
				CLANG_WARN_STRICT_PROTOTYPES = YES;
				CLANG_WARN_SUSPICIOUS_MOVE = YES;
				CLANG_WARN_UNGUARDED_AVAILABILITY = YES_AGGRESSIVE;
				CLANG_WARN_UNREACHABLE_CODE = YES;
				CLANG_WARN__DUPLICATE_METHOD_MATCH = YES;
				COPY_PHASE_STRIP = NO;
				DEBUG_INFORMATION_FORMAT = "dwarf-with-dsym";
				ENABLE_NS_ASSERTIONS = NO;
				ENABLE_STRICT_OBJC_MSGSEND = YES;
				GCC_C_LANGUAGE_STANDARD = gnu11;
				GCC_NO_COMMON_BLOCKS = YES;
				GCC_WARN_64_TO_32_BIT_CONVERSION = YES;
				GCC_WARN_ABOUT_RETURN_TYPE = YES_ERROR;
				GCC_WARN_UNDECLARED_SELECTOR = YES;
				GCC_WARN_UNINITIALIZED_AUTOS = YES_AGGRESSIVE;
				GCC_WARN_UNUSED_FUNCTION = YES;
				GCC_WARN_UNUSED_VARIABLE = YES;
				IPHONEOS_DEPLOYMENT_TARGET = 16.1;
				MTL_ENABLE_DEBUG_INFO = NO;
				MTL_FAST_MATH = YES;
				SDKROOT = iphoneos;
				SWIFT_COMPILATION_MODE = wholemodule;
				SWIFT_OPTIMIZATION_LEVEL = "-O";
				VALIDATE_PRODUCT = YES;
			};
			name = Release;
		};
		950E7B4229291D1D0082ABB6 /* Debug */ = {
			isa = XCBuildConfiguration;
			buildSettings = {
				ASSETCATALOG_COMPILER_APPICON_NAME = AppIcon;
				ASSETCATALOG_COMPILER_GLOBAL_ACCENT_COLOR_NAME = AccentColor;
				CODE_SIGN_STYLE = Automatic;
				CURRENT_PROJECT_VERSION = 1;
				DEVELOPMENT_ASSET_PATHS = "\"coffeshop/Preview Content\"";
				DEVELOPMENT_TEAM = R5F3ZFF687;
				ENABLE_PREVIEWS = YES;
				GENERATE_INFOPLIST_FILE = YES;
				INFOPLIST_KEY_UIApplicationSceneManifest_Generation = YES;
				INFOPLIST_KEY_UIApplicationSupportsIndirectInputEvents = YES;
				INFOPLIST_KEY_UILaunchScreen_Generation = YES;
				INFOPLIST_KEY_UISupportedInterfaceOrientations_iPad = "UIInterfaceOrientationPortrait UIInterfaceOrientationPortraitUpsideDown UIInterfaceOrientationLandscapeLeft UIInterfaceOrientationLandscapeRight";
				INFOPLIST_KEY_UISupportedInterfaceOrientations_iPhone = "UIInterfaceOrientationPortrait UIInterfaceOrientationLandscapeLeft UIInterfaceOrientationLandscapeRight";
				LD_RUNPATH_SEARCH_PATHS = (
					"$(inherited)",
					"@executable_path/Frameworks",
				);
				MARKETING_VERSION = 1.0;
				PRODUCT_BUNDLE_IDENTIFIER = id.fian.coffeshop;
				PRODUCT_NAME = "$(TARGET_NAME)";
				SWIFT_EMIT_LOC_STRINGS = YES;
				SWIFT_VERSION = 5.0;
				TARGETED_DEVICE_FAMILY = "1,2";
			};
			name = Debug;
		};
		950E7B4329291D1D0082ABB6 /* Release */ = {
			isa = XCBuildConfiguration;
			buildSettings = {
				ASSETCATALOG_COMPILER_APPICON_NAME = AppIcon;
				ASSETCATALOG_COMPILER_GLOBAL_ACCENT_COLOR_NAME = AccentColor;
				CODE_SIGN_STYLE = Automatic;
				CURRENT_PROJECT_VERSION = 1;
				DEVELOPMENT_ASSET_PATHS = "\"coffeshop/Preview Content\"";
				DEVELOPMENT_TEAM = R5F3ZFF687;
				ENABLE_PREVIEWS = YES;
				GENERATE_INFOPLIST_FILE = YES;
				INFOPLIST_KEY_UIApplicationSceneManifest_Generation = YES;
				INFOPLIST_KEY_UIApplicationSupportsIndirectInputEvents = YES;
				INFOPLIST_KEY_UILaunchScreen_Generation = YES;
				INFOPLIST_KEY_UISupportedInterfaceOrientations_iPad = "UIInterfaceOrientationPortrait UIInterfaceOrientationPortraitUpsideDown UIInterfaceOrientationLandscapeLeft UIInterfaceOrientationLandscapeRight";
				INFOPLIST_KEY_UISupportedInterfaceOrientations_iPhone = "UIInterfaceOrientationPortrait UIInterfaceOrientationLandscapeLeft UIInterfaceOrientationLandscapeRight";
				LD_RUNPATH_SEARCH_PATHS = (
					"$(inherited)",
					"@executable_path/Frameworks",
				);
				MARKETING_VERSION = 1.0;
				PRODUCT_BUNDLE_IDENTIFIER = id.fian.coffeshop;
				PRODUCT_NAME = "$(TARGET_NAME)";
				SWIFT_EMIT_LOC_STRINGS = YES;
				SWIFT_VERSION = 5.0;
				TARGETED_DEVICE_FAMILY = "1,2";
			};
			name = Release;
		};
/* End XCBuildConfiguration section */

/* Begin XCConfigurationList section */
		950E7B2E29291D1C0082ABB6 /* Build configuration list for PBXProject "coffeshop" */ = {
			isa = XCConfigurationList;
			buildConfigurations = (
				950E7B3F29291D1D0082ABB6 /* Debug */,
				950E7B4029291D1D0082ABB6 /* Release */,
			);
			defaultConfigurationIsVisible = 0;
			defaultConfigurationName = Release;
		};
		950E7B4129291D1D0082ABB6 /* Build configuration list for PBXNativeTarget "coffeshop" */ = {
			isa = XCConfigurationList;
			buildConfigurations = (
				950E7B4229291D1D0082ABB6 /* Debug */,
				950E7B4329291D1D0082ABB6 /* Release */,
			);
			defaultConfigurationIsVisible = 0;
			defaultConfigurationName = Release;
		};
/* End XCConfigurationList section */
	};
	rootObject = 950E7B2B29291D1C0082ABB6 /* Project object */;
}
